
Microsoft Visual Studio Solution File, Format Version 12.00
# Visual Studio Version 17
VisualStudioVersion = 17.11.35222.181
MinimumVisualStudioVersion = 10.0.40219.1
Project("{FAE04EC0-301F-11D3-BF4B-00C04F79EFBC}") = "HUT Class Schedule", "HUT Class Schedule\HUT Class Schedule.csproj", "{6109A111-4D79-4B0D-88CF-32229904FFF5}"
EndProject
Global
	GlobalSection(SolutionConfigurationPlatforms) = preSolution
		Debug|Any CPU = Debug|Any CPU
		Release|Any CPU = Release|Any CPU
	EndGlobalSection
	GlobalSection(ProjectConfigurationPlatforms) = postSolution
		{6109A111-4D79-4B0D-88CF-32229904FFF5}.Debug|Any CPU.ActiveCfg = Debug|Any CPU
		{6109A111-4D79-4B0D-88CF-32229904FFF5}.Debug|Any CPU.Build.0 = Debug|Any CPU
		{6109A111-4D79-4B0D-88CF-32229904FFF5}.Release|Any CPU.ActiveCfg = Release|Any CPU
		{6109A111-4D79-4B0D-88CF-32229904FFF5}.Release|Any CPU.Build.0 = Release|Any CPU
	EndGlobalSection
	GlobalSection(SolutionProperties) = preSolution
		HideSolutionNode = FALSE
	EndGlobalSection
	GlobalSection(ExtensibilityGlobals) = postSolution
		SolutionGuid = {D63E8790-746A-47A0-930F-635C6591B6EA}
	EndGlobalSection
EndGlobal
